// !$*UTF8*$!
{
	archiveVersion = 1;
	classes = {
	};
	objectVersion = 48;
	objects = {

/* Begin PBXBuildFile section */
		0C87FC513A64515760455FAF /* Pods_CocoTests.framework in Frameworks */ = {isa = PBXBuildFile; fileRef = 9BEDFB6FB307731A55B1B5FB /* Pods_CocoTests.framework */; };
		6E42D4372078D110003CF303 /* OverviewViewController.swift in Sources */ = {isa = PBXBuildFile; fileRef = 6E42D4362078D110003CF303 /* OverviewViewController.swift */; };
		6E4697192079411F00AD05FC /* ActivitySelectionTableViewController.swift in Sources */ = {isa = PBXBuildFile; fileRef = 6E4697182079411F00AD05FC /* ActivitySelectionTableViewController.swift */; };
		6E46971B207A2C5A00AD05FC /* UIView+Extensions.swift in Sources */ = {isa = PBXBuildFile; fileRef = 6E46971A207A2C5A00AD05FC /* UIView+Extensions.swift */; };
		6E46971D207A2E3500AD05FC /* waves_.json in Resources */ = {isa = PBXBuildFile; fileRef = 6E46971C207A2E3500AD05FC /* waves_.json */; };
		6E469721207A37CB00AD05FC /* servishero_loading.json in Resources */ = {isa = PBXBuildFile; fileRef = 6E469720207A37CB00AD05FC /* servishero_loading.json */; };
		6E4D4BBB2072B82D000922C3 /* RegisterViewController.swift in Sources */ = {isa = PBXBuildFile; fileRef = 6E4D4BBA2072B82D000922C3 /* RegisterViewController.swift */; };
		6E62771A20725D480056EDA6 /* OriginalOverviewViewController.swift in Sources */ = {isa = PBXBuildFile; fileRef = 6E62771920725D480056EDA6 /* OriginalOverviewViewController.swift */; };
		6E62779420726ECC0056EDA6 /* Interface.storyboard in Resources */ = {isa = PBXBuildFile; fileRef = 6E62779220726ECC0056EDA6 /* Interface.storyboard */; };
		6E62779620726ECC0056EDA6 /* Assets.xcassets in Resources */ = {isa = PBXBuildFile; fileRef = 6E62779520726ECC0056EDA6 /* Assets.xcassets */; };
		6E62779D20726ECC0056EDA6 /* CocoWatch Extension.appex in Embed App Extensions */ = {isa = PBXBuildFile; fileRef = 6E62779C20726ECC0056EDA6 /* CocoWatch Extension.appex */; settings = {ATTRIBUTES = (RemoveHeadersOnCopy, ); }; };
		6E6277A220726ECC0056EDA6 /* InterfaceController.swift in Sources */ = {isa = PBXBuildFile; fileRef = 6E6277A120726ECC0056EDA6 /* InterfaceController.swift */; };
		6E6277A420726ECC0056EDA6 /* ExtensionDelegate.swift in Sources */ = {isa = PBXBuildFile; fileRef = 6E6277A320726ECC0056EDA6 /* ExtensionDelegate.swift */; };
		6E6277A620726ECC0056EDA6 /* NotificationController.swift in Sources */ = {isa = PBXBuildFile; fileRef = 6E6277A520726ECC0056EDA6 /* NotificationController.swift */; };
		6E6277A820726ECD0056EDA6 /* Assets.xcassets in Resources */ = {isa = PBXBuildFile; fileRef = 6E6277A720726ECD0056EDA6 /* Assets.xcassets */; };
		6E6277AD20726ECD0056EDA6 /* CocoWatch.app in Embed Watch Content */ = {isa = PBXBuildFile; fileRef = 6E62779020726ECC0056EDA6 /* CocoWatch.app */; };
		6E6277B72072707A0056EDA6 /* RowController.swift in Sources */ = {isa = PBXBuildFile; fileRef = 6E6277B62072707A0056EDA6 /* RowController.swift */; };
		6E6DB6F4206FB417005C2CEB /* StatusTableViewController.swift in Sources */ = {isa = PBXBuildFile; fileRef = 6E6DB6F3206FB417005C2CEB /* StatusTableViewController.swift */; };
		6E6DB6F6206FB6F6005C2CEB /* StatusDatabase.swift in Sources */ = {isa = PBXBuildFile; fileRef = 6E6DB6F5206FB6F6005C2CEB /* StatusDatabase.swift */; };
		6E718F7D207356FF00BB935D /* LoginViewController.swift in Sources */ = {isa = PBXBuildFile; fileRef = 6E718F7C207356FF00BB935D /* LoginViewController.swift */; };
		6E775C292078FFC0001799F8 /* OverviewCell.swift in Sources */ = {isa = PBXBuildFile; fileRef = 6E775C282078FFC0001799F8 /* OverviewCell.swift */; };
		6EAEF4D3206FA37100334A82 /* GoogleService-Info.plist in Resources */ = {isa = PBXBuildFile; fileRef = 6EAEF4D2206FA37100334A82 /* GoogleService-Info.plist */; };
		6EBEA2312078EC1A00221BD5 /* Color.xcassets in Resources */ = {isa = PBXBuildFile; fileRef = 6EBEA2302078EC1A00221BD5 /* Color.xcassets */; };
		6EBEA2332078F05A00221BD5 /* UIImage+Extensions.swift in Sources */ = {isa = PBXBuildFile; fileRef = 6EBEA2322078F05A00221BD5 /* UIImage+Extensions.swift */; };
		6EBEA2362078F09600221BD5 /* UINavigationBar+Extensions.swift in Sources */ = {isa = PBXBuildFile; fileRef = 6EBEA2352078F09600221BD5 /* UINavigationBar+Extensions.swift */; };
		6EBEA2382078F0BC00221BD5 /* UIColor+Extensions.swift in Sources */ = {isa = PBXBuildFile; fileRef = 6EBEA2372078F0BC00221BD5 /* UIColor+Extensions.swift */; };
		6EBEA2402078F63100221BD5 /* SF-Pro-Text-Heavy.otf in Resources */ = {isa = PBXBuildFile; fileRef = 6EBEA23A2078F63000221BD5 /* SF-Pro-Text-Heavy.otf */; };
		6EBEA2412078F63100221BD5 /* SF-Pro-Text-Regular.otf in Resources */ = {isa = PBXBuildFile; fileRef = 6EBEA23B2078F63000221BD5 /* SF-Pro-Text-Regular.otf */; };
		6EBEA2422078F63100221BD5 /* SF-Pro-Text-Bold.otf in Resources */ = {isa = PBXBuildFile; fileRef = 6EBEA23C2078F63000221BD5 /* SF-Pro-Text-Bold.otf */; };
		6EBEA2432078F63100221BD5 /* SF-Pro-Text-Medium.otf in Resources */ = {isa = PBXBuildFile; fileRef = 6EBEA23D2078F63000221BD5 /* SF-Pro-Text-Medium.otf */; };
		6EBEA2442078F63100221BD5 /* SF-Pro-Text-Semibold.otf in Resources */ = {isa = PBXBuildFile; fileRef = 6EBEA23E2078F63100221BD5 /* SF-Pro-Text-Semibold.otf */; };
		6EBEA2452078F63100221BD5 /* SF-Pro-Text-Light.otf in Resources */ = {isa = PBXBuildFile; fileRef = 6EBEA23F2078F63100221BD5 /* SF-Pro-Text-Light.otf */; };
		6EBEA2532078F71600221BD5 /* UIFont+Extensions.swift in Sources */ = {isa = PBXBuildFile; fileRef = 6EBEA2522078F71600221BD5 /* UIFont+Extensions.swift */; };
		6EC63D722072C29C004CF135 /* InitialViewController.swift in Sources */ = {isa = PBXBuildFile; fileRef = 6EC63D712072C29C004CF135 /* InitialViewController.swift */; };
		6ED3CD19206FA15900C26F5E /* AppDelegate.swift in Sources */ = {isa = PBXBuildFile; fileRef = 6ED3CD18206FA15900C26F5E /* AppDelegate.swift */; };
		6ED3CD1B206FA15900C26F5E /* ViewController.swift in Sources */ = {isa = PBXBuildFile; fileRef = 6ED3CD1A206FA15900C26F5E /* ViewController.swift */; };
		6ED3CD1E206FA15900C26F5E /* Main.storyboard in Resources */ = {isa = PBXBuildFile; fileRef = 6ED3CD1C206FA15900C26F5E /* Main.storyboard */; };
		6ED3CD20206FA15900C26F5E /* Assets.xcassets in Resources */ = {isa = PBXBuildFile; fileRef = 6ED3CD1F206FA15900C26F5E /* Assets.xcassets */; };
		6ED3CD23206FA15A00C26F5E /* LaunchScreen.storyboard in Resources */ = {isa = PBXBuildFile; fileRef = 6ED3CD21206FA15A00C26F5E /* LaunchScreen.storyboard */; };
		6ED3CD2E206FA15A00C26F5E /* CocoTests.swift in Sources */ = {isa = PBXBuildFile; fileRef = 6ED3CD2D206FA15A00C26F5E /* CocoTests.swift */; };
		6ED3CD39206FA15A00C26F5E /* CocoUITests.swift in Sources */ = {isa = PBXBuildFile; fileRef = 6ED3CD38206FA15A00C26F5E /* CocoUITests.swift */; };
		6EF32A4B2083AD8600F3947F /* CloudKit.framework in Frameworks */ = {isa = PBXBuildFile; fileRef = 6EF32A4A2083AD8600F3947F /* CloudKit.framework */; };
		6EF32A4D2083ADF000F3947F /* CocoBase.swift in Sources */ = {isa = PBXBuildFile; fileRef = 6EF32A4C2083ADF000F3947F /* CocoBase.swift */; };
		87C1E9B73D4C921A0B26F65C /* Pods_Coco.framework in Frameworks */ = {isa = PBXBuildFile; fileRef = D41162D819200CA6A661BD60 /* Pods_Coco.framework */; };
		D34AD73C1CA118470AD870D9 /* Pods_CocoUITests.framework in Frameworks */ = {isa = PBXBuildFile; fileRef = 67E279A5E510F8EFDE26D756 /* Pods_CocoUITests.framework */; };
/* End PBXBuildFile section */

/* Begin PBXContainerItemProxy section */
		6E62779E20726ECC0056EDA6 /* PBXContainerItemProxy */ = {
			isa = PBXContainerItemProxy;
			containerPortal = 6ED3CD0D206FA15900C26F5E /* Project object */;
			proxyType = 1;
			remoteGlobalIDString = 6E62779B20726ECC0056EDA6;
			remoteInfo = "CocoWatch Extension";
		};
		6E6277AB20726ECD0056EDA6 /* PBXContainerItemProxy */ = {
			isa = PBXContainerItemProxy;
			containerPortal = 6ED3CD0D206FA15900C26F5E /* Project object */;
			proxyType = 1;
			remoteGlobalIDString = 6E62778F20726ECC0056EDA6;
			remoteInfo = CocoWatch;
		};
		6ED3CD2A206FA15A00C26F5E /* PBXContainerItemProxy */ = {
			isa = PBXContainerItemProxy;
			containerPortal = 6ED3CD0D206FA15900C26F5E /* Project object */;
			proxyType = 1;
			remoteGlobalIDString = 6ED3CD14206FA15900C26F5E;
			remoteInfo = Coco;
		};
		6ED3CD35206FA15A00C26F5E /* PBXContainerItemProxy */ = {
			isa = PBXContainerItemProxy;
			containerPortal = 6ED3CD0D206FA15900C26F5E /* Project object */;
			proxyType = 1;
			remoteGlobalIDString = 6ED3CD14206FA15900C26F5E;
			remoteInfo = Coco;
		};
/* End PBXContainerItemProxy section */

/* Begin PBXCopyFilesBuildPhase section */
		6E6277B320726ECD0056EDA6 /* Embed App Extensions */ = {
			isa = PBXCopyFilesBuildPhase;
			buildActionMask = 2147483647;
			dstPath = "";
			dstSubfolderSpec = 13;
			files = (
				6E62779D20726ECC0056EDA6 /* CocoWatch Extension.appex in Embed App Extensions */,
			);
			name = "Embed App Extensions";
			runOnlyForDeploymentPostprocessing = 0;
		};
		6E6277B520726ECD0056EDA6 /* Embed Watch Content */ = {
			isa = PBXCopyFilesBuildPhase;
			buildActionMask = 2147483647;
			dstPath = "$(CONTENTS_FOLDER_PATH)/Watch";
			dstSubfolderSpec = 16;
			files = (
				6E6277AD20726ECD0056EDA6 /* CocoWatch.app in Embed Watch Content */,
			);
			name = "Embed Watch Content";
			runOnlyForDeploymentPostprocessing = 0;
		};
/* End PBXCopyFilesBuildPhase section */

/* Begin PBXFileReference section */
		0D1967C5EC82BC3D4AE9105F /* Pods-CocoUITests.release.xcconfig */ = {isa = PBXFileReference; includeInIndex = 1; lastKnownFileType = text.xcconfig; name = "Pods-CocoUITests.release.xcconfig"; path = "Pods/Target Support Files/Pods-CocoUITests/Pods-CocoUITests.release.xcconfig"; sourceTree = "<group>"; };
		1B889A8AD6489EF36A5B4CDB /* Pods-CocoTests.debug.xcconfig */ = {isa = PBXFileReference; includeInIndex = 1; lastKnownFileType = text.xcconfig; name = "Pods-CocoTests.debug.xcconfig"; path = "Pods/Target Support Files/Pods-CocoTests/Pods-CocoTests.debug.xcconfig"; sourceTree = "<group>"; };
		5971E38C7BCEED6D7EE8BF00 /* Pods-CocoUITests.debug.xcconfig */ = {isa = PBXFileReference; includeInIndex = 1; lastKnownFileType = text.xcconfig; name = "Pods-CocoUITests.debug.xcconfig"; path = "Pods/Target Support Files/Pods-CocoUITests/Pods-CocoUITests.debug.xcconfig"; sourceTree = "<group>"; };
		5A75DD1DDD9F89C4F642B4DE /* Pods-Coco.release.xcconfig */ = {isa = PBXFileReference; includeInIndex = 1; lastKnownFileType = text.xcconfig; name = "Pods-Coco.release.xcconfig"; path = "Pods/Target Support Files/Pods-Coco/Pods-Coco.release.xcconfig"; sourceTree = "<group>"; };
		67E279A5E510F8EFDE26D756 /* Pods_CocoUITests.framework */ = {isa = PBXFileReference; explicitFileType = wrapper.framework; includeInIndex = 0; path = Pods_CocoUITests.framework; sourceTree = BUILT_PRODUCTS_DIR; };
		6E42D4362078D110003CF303 /* OverviewViewController.swift */ = {isa = PBXFileReference; lastKnownFileType = sourcecode.swift; path = OverviewViewController.swift; sourceTree = "<group>"; };
		6E4697182079411F00AD05FC /* ActivitySelectionTableViewController.swift */ = {isa = PBXFileReference; lastKnownFileType = sourcecode.swift; path = ActivitySelectionTableViewController.swift; sourceTree = "<group>"; };
		6E46971A207A2C5A00AD05FC /* UIView+Extensions.swift */ = {isa = PBXFileReference; lastKnownFileType = sourcecode.swift; path = "UIView+Extensions.swift"; sourceTree = "<group>"; };
		6E46971C207A2E3500AD05FC /* waves_.json */ = {isa = PBXFileReference; fileEncoding = 4; lastKnownFileType = text.json; path = waves_.json; sourceTree = "<group>"; };
		6E469720207A37CB00AD05FC /* servishero_loading.json */ = {isa = PBXFileReference; fileEncoding = 4; lastKnownFileType = text.json; path = servishero_loading.json; sourceTree = "<group>"; };
		6E47FD082083A55A00C8A091 /* Coco.entitlements */ = {isa = PBXFileReference; lastKnownFileType = text.plist.entitlements; path = Coco.entitlements; sourceTree = "<group>"; };
		6E4D4BBA2072B82D000922C3 /* RegisterViewController.swift */ = {isa = PBXFileReference; lastKnownFileType = sourcecode.swift; path = RegisterViewController.swift; sourceTree = "<group>"; };
		6E62771920725D480056EDA6 /* OriginalOverviewViewController.swift */ = {isa = PBXFileReference; fileEncoding = 4; lastKnownFileType = sourcecode.swift; path = OriginalOverviewViewController.swift; sourceTree = "<group>"; };
		6E62779020726ECC0056EDA6 /* CocoWatch.app */ = {isa = PBXFileReference; explicitFileType = wrapper.application; includeInIndex = 0; path = CocoWatch.app; sourceTree = BUILT_PRODUCTS_DIR; };
		6E62779320726ECC0056EDA6 /* Base */ = {isa = PBXFileReference; lastKnownFileType = file.storyboard; name = Base; path = Base.lproj/Interface.storyboard; sourceTree = "<group>"; };
		6E62779520726ECC0056EDA6 /* Assets.xcassets */ = {isa = PBXFileReference; lastKnownFileType = folder.assetcatalog; path = Assets.xcassets; sourceTree = "<group>"; };
		6E62779720726ECC0056EDA6 /* Info.plist */ = {isa = PBXFileReference; lastKnownFileType = text.plist.xml; path = Info.plist; sourceTree = "<group>"; };
		6E62779C20726ECC0056EDA6 /* CocoWatch Extension.appex */ = {isa = PBXFileReference; explicitFileType = "wrapper.app-extension"; includeInIndex = 0; path = "CocoWatch Extension.appex"; sourceTree = BUILT_PRODUCTS_DIR; };
		6E6277A120726ECC0056EDA6 /* InterfaceController.swift */ = {isa = PBXFileReference; lastKnownFileType = sourcecode.swift; path = InterfaceController.swift; sourceTree = "<group>"; };
		6E6277A320726ECC0056EDA6 /* ExtensionDelegate.swift */ = {isa = PBXFileReference; lastKnownFileType = sourcecode.swift; path = ExtensionDelegate.swift; sourceTree = "<group>"; };
		6E6277A520726ECC0056EDA6 /* NotificationController.swift */ = {isa = PBXFileReference; lastKnownFileType = sourcecode.swift; path = NotificationController.swift; sourceTree = "<group>"; };
		6E6277A720726ECD0056EDA6 /* Assets.xcassets */ = {isa = PBXFileReference; lastKnownFileType = folder.assetcatalog; path = Assets.xcassets; sourceTree = "<group>"; };
		6E6277A920726ECD0056EDA6 /* Info.plist */ = {isa = PBXFileReference; lastKnownFileType = text.plist.xml; path = Info.plist; sourceTree = "<group>"; };
		6E6277AA20726ECD0056EDA6 /* PushNotificationPayload.apns */ = {isa = PBXFileReference; lastKnownFileType = text; path = PushNotificationPayload.apns; sourceTree = "<group>"; };
		6E6277B62072707A0056EDA6 /* RowController.swift */ = {isa = PBXFileReference; lastKnownFileType = sourcecode.swift; path = RowController.swift; sourceTree = "<group>"; };
		6E6DB6F3206FB417005C2CEB /* StatusTableViewController.swift */ = {isa = PBXFileReference; lastKnownFileType = sourcecode.swift; path = StatusTableViewController.swift; sourceTree = "<group>"; };
		6E6DB6F5206FB6F6005C2CEB /* StatusDatabase.swift */ = {isa = PBXFileReference; lastKnownFileType = sourcecode.swift; path = StatusDatabase.swift; sourceTree = "<group>"; };
		6E718F7C207356FF00BB935D /* LoginViewController.swift */ = {isa = PBXFileReference; lastKnownFileType = sourcecode.swift; path = LoginViewController.swift; sourceTree = "<group>"; };
		6E775C282078FFC0001799F8 /* OverviewCell.swift */ = {isa = PBXFileReference; lastKnownFileType = sourcecode.swift; path = OverviewCell.swift; sourceTree = "<group>"; };
		6EAEF4D2206FA37100334A82 /* GoogleService-Info.plist */ = {isa = PBXFileReference; fileEncoding = 4; lastKnownFileType = text.plist.xml; path = "GoogleService-Info.plist"; sourceTree = "<group>"; };
		6EBEA2302078EC1A00221BD5 /* Color.xcassets */ = {isa = PBXFileReference; lastKnownFileType = folder.assetcatalog; path = Color.xcassets; sourceTree = "<group>"; };
		6EBEA2322078F05A00221BD5 /* UIImage+Extensions.swift */ = {isa = PBXFileReference; lastKnownFileType = sourcecode.swift; path = "UIImage+Extensions.swift"; sourceTree = "<group>"; };
		6EBEA2352078F09600221BD5 /* UINavigationBar+Extensions.swift */ = {isa = PBXFileReference; lastKnownFileType = sourcecode.swift; path = "UINavigationBar+Extensions.swift"; sourceTree = "<group>"; };
		6EBEA2372078F0BC00221BD5 /* UIColor+Extensions.swift */ = {isa = PBXFileReference; lastKnownFileType = sourcecode.swift; path = "UIColor+Extensions.swift"; sourceTree = "<group>"; };
		6EBEA23A2078F63000221BD5 /* SF-Pro-Text-Heavy.otf */ = {isa = PBXFileReference; lastKnownFileType = file; path = "SF-Pro-Text-Heavy.otf"; sourceTree = "<group>"; };
		6EBEA23B2078F63000221BD5 /* SF-Pro-Text-Regular.otf */ = {isa = PBXFileReference; lastKnownFileType = file; path = "SF-Pro-Text-Regular.otf"; sourceTree = "<group>"; };
		6EBEA23C2078F63000221BD5 /* SF-Pro-Text-Bold.otf */ = {isa = PBXFileReference; lastKnownFileType = file; path = "SF-Pro-Text-Bold.otf"; sourceTree = "<group>"; };
		6EBEA23D2078F63000221BD5 /* SF-Pro-Text-Medium.otf */ = {isa = PBXFileReference; lastKnownFileType = file; path = "SF-Pro-Text-Medium.otf"; sourceTree = "<group>"; };
		6EBEA23E2078F63100221BD5 /* SF-Pro-Text-Semibold.otf */ = {isa = PBXFileReference; lastKnownFileType = file; path = "SF-Pro-Text-Semibold.otf"; sourceTree = "<group>"; };
		6EBEA23F2078F63100221BD5 /* SF-Pro-Text-Light.otf */ = {isa = PBXFileReference; lastKnownFileType = file; path = "SF-Pro-Text-Light.otf"; sourceTree = "<group>"; };
		6EBEA2522078F71600221BD5 /* UIFont+Extensions.swift */ = {isa = PBXFileReference; lastKnownFileType = sourcecode.swift; path = "UIFont+Extensions.swift"; sourceTree = "<group>"; };
		6EC63D712072C29C004CF135 /* InitialViewController.swift */ = {isa = PBXFileReference; lastKnownFileType = sourcecode.swift; path = InitialViewController.swift; sourceTree = "<group>"; };
		6ED3CD15206FA15900C26F5E /* Coco.app */ = {isa = PBXFileReference; explicitFileType = wrapper.application; includeInIndex = 0; path = Coco.app; sourceTree = BUILT_PRODUCTS_DIR; };
		6ED3CD18206FA15900C26F5E /* AppDelegate.swift */ = {isa = PBXFileReference; lastKnownFileType = sourcecode.swift; path = AppDelegate.swift; sourceTree = "<group>"; };
		6ED3CD1A206FA15900C26F5E /* ViewController.swift */ = {isa = PBXFileReference; lastKnownFileType = sourcecode.swift; path = ViewController.swift; sourceTree = "<group>"; };
		6ED3CD1D206FA15900C26F5E /* Base */ = {isa = PBXFileReference; lastKnownFileType = file.storyboard; name = Base; path = Base.lproj/Main.storyboard; sourceTree = "<group>"; };
		6ED3CD1F206FA15900C26F5E /* Assets.xcassets */ = {isa = PBXFileReference; lastKnownFileType = folder.assetcatalog; path = Assets.xcassets; sourceTree = "<group>"; };
		6ED3CD22206FA15A00C26F5E /* Base */ = {isa = PBXFileReference; lastKnownFileType = file.storyboard; name = Base; path = Base.lproj/LaunchScreen.storyboard; sourceTree = "<group>"; };
		6ED3CD24206FA15A00C26F5E /* Info.plist */ = {isa = PBXFileReference; lastKnownFileType = text.plist.xml; path = Info.plist; sourceTree = "<group>"; };
		6ED3CD29206FA15A00C26F5E /* CocoTests.xctest */ = {isa = PBXFileReference; explicitFileType = wrapper.cfbundle; includeInIndex = 0; path = CocoTests.xctest; sourceTree = BUILT_PRODUCTS_DIR; };
		6ED3CD2D206FA15A00C26F5E /* CocoTests.swift */ = {isa = PBXFileReference; lastKnownFileType = sourcecode.swift; path = CocoTests.swift; sourceTree = "<group>"; };
		6ED3CD2F206FA15A00C26F5E /* Info.plist */ = {isa = PBXFileReference; lastKnownFileType = text.plist.xml; path = Info.plist; sourceTree = "<group>"; };
		6ED3CD34206FA15A00C26F5E /* CocoUITests.xctest */ = {isa = PBXFileReference; explicitFileType = wrapper.cfbundle; includeInIndex = 0; path = CocoUITests.xctest; sourceTree = BUILT_PRODUCTS_DIR; };
		6ED3CD38206FA15A00C26F5E /* CocoUITests.swift */ = {isa = PBXFileReference; lastKnownFileType = sourcecode.swift; path = CocoUITests.swift; sourceTree = "<group>"; };
		6ED3CD3A206FA15A00C26F5E /* Info.plist */ = {isa = PBXFileReference; lastKnownFileType = text.plist.xml; path = Info.plist; sourceTree = "<group>"; };
		6EF32A4A2083AD8600F3947F /* CloudKit.framework */ = {isa = PBXFileReference; lastKnownFileType = wrapper.framework; name = CloudKit.framework; path = System/Library/Frameworks/CloudKit.framework; sourceTree = SDKROOT; };
		6EF32A4C2083ADF000F3947F /* CocoBase.swift */ = {isa = PBXFileReference; lastKnownFileType = sourcecode.swift; path = CocoBase.swift; sourceTree = "<group>"; };
		9BEDFB6FB307731A55B1B5FB /* Pods_CocoTests.framework */ = {isa = PBXFileReference; explicitFileType = wrapper.framework; includeInIndex = 0; path = Pods_CocoTests.framework; sourceTree = BUILT_PRODUCTS_DIR; };
		C33E6898812E511FEDF84B27 /* Pods-Coco.debug.xcconfig */ = {isa = PBXFileReference; includeInIndex = 1; lastKnownFileType = text.xcconfig; name = "Pods-Coco.debug.xcconfig"; path = "Pods/Target Support Files/Pods-Coco/Pods-Coco.debug.xcconfig"; sourceTree = "<group>"; };
		D41162D819200CA6A661BD60 /* Pods_Coco.framework */ = {isa = PBXFileReference; explicitFileType = wrapper.framework; includeInIndex = 0; path = Pods_Coco.framework; sourceTree = BUILT_PRODUCTS_DIR; };
		E6306DC4789C04FCE7ED9EBF /* Pods-CocoTests.release.xcconfig */ = {isa = PBXFileReference; includeInIndex = 1; lastKnownFileType = text.xcconfig; name = "Pods-CocoTests.release.xcconfig"; path = "Pods/Target Support Files/Pods-CocoTests/Pods-CocoTests.release.xcconfig"; sourceTree = "<group>"; };
/* End PBXFileReference section */

/* Begin PBXFrameworksBuildPhase section */
		6E62779920726ECC0056EDA6 /* Frameworks */ = {
			isa = PBXFrameworksBuildPhase;
			buildActionMask = 2147483647;
			files = (
			);
			runOnlyForDeploymentPostprocessing = 0;
		};
		6ED3CD12206FA15900C26F5E /* Frameworks */ = {
			isa = PBXFrameworksBuildPhase;
			buildActionMask = 2147483647;
			files = (
				87C1E9B73D4C921A0B26F65C /* Pods_Coco.framework in Frameworks */,
				6EF32A4B2083AD8600F3947F /* CloudKit.framework in Frameworks */,
			);
			runOnlyForDeploymentPostprocessing = 0;
		};
		6ED3CD26206FA15A00C26F5E /* Frameworks */ = {
			isa = PBXFrameworksBuildPhase;
			buildActionMask = 2147483647;
			files = (
				0C87FC513A64515760455FAF /* Pods_CocoTests.framework in Frameworks */,
			);
			runOnlyForDeploymentPostprocessing = 0;
		};
		6ED3CD31206FA15A00C26F5E /* Frameworks */ = {
			isa = PBXFrameworksBuildPhase;
			buildActionMask = 2147483647;
			files = (
				D34AD73C1CA118470AD870D9 /* Pods_CocoUITests.framework in Frameworks */,
			);
			runOnlyForDeploymentPostprocessing = 0;
		};
		CCF65F17A90FB9218C894148 /* Frameworks */ = {
			isa = PBXFrameworksBuildPhase;
			buildActionMask = 2147483647;
			files = (
			);
			runOnlyForDeploymentPostprocessing = 0;
		};
/* End PBXFrameworksBuildPhase section */

/* Begin PBXGroup section */
		1086EE1680447DCFE268613B /* Pods */ = {
			isa = PBXGroup;
			children = (
				C33E6898812E511FEDF84B27 /* Pods-Coco.debug.xcconfig */,
				5A75DD1DDD9F89C4F642B4DE /* Pods-Coco.release.xcconfig */,
				1B889A8AD6489EF36A5B4CDB /* Pods-CocoTests.debug.xcconfig */,
				E6306DC4789C04FCE7ED9EBF /* Pods-CocoTests.release.xcconfig */,
				5971E38C7BCEED6D7EE8BF00 /* Pods-CocoUITests.debug.xcconfig */,
				0D1967C5EC82BC3D4AE9105F /* Pods-CocoUITests.release.xcconfig */,
			);
			name = Pods;
			sourceTree = "<group>";
		};
		6E62771B207260FA0056EDA6 /* demo */ = {
			isa = PBXGroup;
			children = (
				6E62771920725D480056EDA6 /* OriginalOverviewViewController.swift */,
				6ED3CD1A206FA15900C26F5E /* ViewController.swift */,
				6E6DB6F3206FB417005C2CEB /* StatusTableViewController.swift */,
			);
			path = demo;
			sourceTree = "<group>";
		};
		6E62779120726ECC0056EDA6 /* CocoWatch */ = {
			isa = PBXGroup;
			children = (
				6E62779220726ECC0056EDA6 /* Interface.storyboard */,
				6E62779520726ECC0056EDA6 /* Assets.xcassets */,
				6E62779720726ECC0056EDA6 /* Info.plist */,
			);
			path = CocoWatch;
			sourceTree = "<group>";
		};
		6E6277A020726ECC0056EDA6 /* CocoWatch Extension */ = {
			isa = PBXGroup;
			children = (
				6E6277A120726ECC0056EDA6 /* InterfaceController.swift */,
				6E6277A320726ECC0056EDA6 /* ExtensionDelegate.swift */,
				6E6277A520726ECC0056EDA6 /* NotificationController.swift */,
				6E6277A720726ECD0056EDA6 /* Assets.xcassets */,
				6E6277A920726ECD0056EDA6 /* Info.plist */,
				6E6277AA20726ECD0056EDA6 /* PushNotificationPayload.apns */,
				6E6277B62072707A0056EDA6 /* RowController.swift */,
			);
			path = "CocoWatch Extension";
			sourceTree = "<group>";
		};
		6EBEA2342078F06600221BD5 /* Supporting Files */ = {
			isa = PBXGroup;
			children = (
				6EBEA2322078F05A00221BD5 /* UIImage+Extensions.swift */,
				6EBEA2372078F0BC00221BD5 /* UIColor+Extensions.swift */,
				6EBEA2522078F71600221BD5 /* UIFont+Extensions.swift */,
				6E46971A207A2C5A00AD05FC /* UIView+Extensions.swift */,
				6EBEA2352078F09600221BD5 /* UINavigationBar+Extensions.swift */,
				6E46971C207A2E3500AD05FC /* waves_.json */,
				6E469720207A37CB00AD05FC /* servishero_loading.json */,
				6EBEA2392078F5DC00221BD5 /* Fonts */,
			);
			path = "Supporting Files";
			sourceTree = "<group>";
		};
		6EBEA2392078F5DC00221BD5 /* Fonts */ = {
			isa = PBXGroup;
			children = (
				6EBEA23C2078F63000221BD5 /* SF-Pro-Text-Bold.otf */,
				6EBEA23A2078F63000221BD5 /* SF-Pro-Text-Heavy.otf */,
				6EBEA23F2078F63100221BD5 /* SF-Pro-Text-Light.otf */,
				6EBEA23D2078F63000221BD5 /* SF-Pro-Text-Medium.otf */,
				6EBEA23B2078F63000221BD5 /* SF-Pro-Text-Regular.otf */,
				6EBEA23E2078F63100221BD5 /* SF-Pro-Text-Semibold.otf */,
			);
			path = Fonts;
			sourceTree = "<group>";
		};
		6ED3CD0C206FA15900C26F5E = {
			isa = PBXGroup;
			children = (
				6ED3CD17206FA15900C26F5E /* Coco */,
				6ED3CD2C206FA15A00C26F5E /* CocoTests */,
				6ED3CD37206FA15A00C26F5E /* CocoUITests */,
				6E62779120726ECC0056EDA6 /* CocoWatch */,
				6E6277A020726ECC0056EDA6 /* CocoWatch Extension */,
				6ED3CD16206FA15900C26F5E /* Products */,
				1086EE1680447DCFE268613B /* Pods */,
				72FE90C9A5068276FCEB125E /* Frameworks */,
			);
			sourceTree = "<group>";
		};
		6ED3CD16206FA15900C26F5E /* Products */ = {
			isa = PBXGroup;
			children = (
				6ED3CD15206FA15900C26F5E /* Coco.app */,
				6ED3CD29206FA15A00C26F5E /* CocoTests.xctest */,
				6ED3CD34206FA15A00C26F5E /* CocoUITests.xctest */,
				6E62779020726ECC0056EDA6 /* CocoWatch.app */,
				6E62779C20726ECC0056EDA6 /* CocoWatch Extension.appex */,
			);
			name = Products;
			sourceTree = "<group>";
		};
		6ED3CD17206FA15900C26F5E /* Coco */ = {
			isa = PBXGroup;
			children = (
				6E47FD082083A55A00C8A091 /* Coco.entitlements */,
				6ED3CD18206FA15900C26F5E /* AppDelegate.swift */,
				6E4D4BBA2072B82D000922C3 /* RegisterViewController.swift */,
				6E42D4362078D110003CF303 /* OverviewViewController.swift */,
				6E4697182079411F00AD05FC /* ActivitySelectionTableViewController.swift */,
				6E718F7C207356FF00BB935D /* LoginViewController.swift */,
				6E775C282078FFC0001799F8 /* OverviewCell.swift */,
				6EC63D712072C29C004CF135 /* InitialViewController.swift */,
				6EF32A4C2083ADF000F3947F /* CocoBase.swift */,
				6E6DB6F5206FB6F6005C2CEB /* StatusDatabase.swift */,
				6ED3CD1C206FA15900C26F5E /* Main.storyboard */,
				6ED3CD1F206FA15900C26F5E /* Assets.xcassets */,
				6EBEA2302078EC1A00221BD5 /* Color.xcassets */,
				6EBEA2342078F06600221BD5 /* Supporting Files */,
				6ED3CD21206FA15A00C26F5E /* LaunchScreen.storyboard */,
				6ED3CD24206FA15A00C26F5E /* Info.plist */,
				6EAEF4D2206FA37100334A82 /* GoogleService-Info.plist */,
				6E62771B207260FA0056EDA6 /* demo */,
			);
			path = Coco;
			sourceTree = "<group>";
		};
		6ED3CD2C206FA15A00C26F5E /* CocoTests */ = {
			isa = PBXGroup;
			children = (
				6ED3CD2D206FA15A00C26F5E /* CocoTests.swift */,
				6ED3CD2F206FA15A00C26F5E /* Info.plist */,
			);
			path = CocoTests;
			sourceTree = "<group>";
		};
		6ED3CD37206FA15A00C26F5E /* CocoUITests */ = {
			isa = PBXGroup;
			children = (
				6ED3CD38206FA15A00C26F5E /* CocoUITests.swift */,
				6ED3CD3A206FA15A00C26F5E /* Info.plist */,
			);
			path = CocoUITests;
			sourceTree = "<group>";
		};
		72FE90C9A5068276FCEB125E /* Frameworks */ = {
			isa = PBXGroup;
			children = (
				6EF32A4A2083AD8600F3947F /* CloudKit.framework */,
				D41162D819200CA6A661BD60 /* Pods_Coco.framework */,
				9BEDFB6FB307731A55B1B5FB /* Pods_CocoTests.framework */,
				67E279A5E510F8EFDE26D756 /* Pods_CocoUITests.framework */,
			);
			name = Frameworks;
			sourceTree = "<group>";
		};
/* End PBXGroup section */

/* Begin PBXNativeTarget section */
		6E62778F20726ECC0056EDA6 /* CocoWatch */ = {
			isa = PBXNativeTarget;
			buildConfigurationList = 6E6277B420726ECD0056EDA6 /* Build configuration list for PBXNativeTarget "CocoWatch" */;
			buildPhases = (
				6E62778E20726ECC0056EDA6 /* Resources */,
				6E6277B320726ECD0056EDA6 /* Embed App Extensions */,
				CCF65F17A90FB9218C894148 /* Frameworks */,
			);
			buildRules = (
			);
			dependencies = (
				6E62779F20726ECC0056EDA6 /* PBXTargetDependency */,
			);
			name = CocoWatch;
			productName = CocoWatch;
			productReference = 6E62779020726ECC0056EDA6 /* CocoWatch.app */;
			productType = "com.apple.product-type.application.watchapp2";
		};
		6E62779B20726ECC0056EDA6 /* CocoWatch Extension */ = {
			isa = PBXNativeTarget;
			buildConfigurationList = 6E6277B220726ECD0056EDA6 /* Build configuration list for PBXNativeTarget "CocoWatch Extension" */;
			buildPhases = (
				6E62779820726ECC0056EDA6 /* Sources */,
				6E62779920726ECC0056EDA6 /* Frameworks */,
				6E62779A20726ECC0056EDA6 /* Resources */,
			);
			buildRules = (
			);
			dependencies = (
			);
			name = "CocoWatch Extension";
			productName = "CocoWatch Extension";
			productReference = 6E62779C20726ECC0056EDA6 /* CocoWatch Extension.appex */;
			productType = "com.apple.product-type.watchkit2-extension";
		};
		6ED3CD14206FA15900C26F5E /* Coco */ = {
			isa = PBXNativeTarget;
			buildConfigurationList = 6ED3CD3D206FA15A00C26F5E /* Build configuration list for PBXNativeTarget "Coco" */;
			buildPhases = (
				F66DE09C3FB6876A50E131EA /* [CP] Check Pods Manifest.lock */,
				6ED3CD11206FA15900C26F5E /* Sources */,
				6ED3CD12206FA15900C26F5E /* Frameworks */,
				6ED3CD13206FA15900C26F5E /* Resources */,
				ACABF456045637AA50AE2080 /* [CP] Embed Pods Frameworks */,
				BFC717B78CBC9FF4A19E3769 /* [CP] Copy Pods Resources */,
				6E6277B520726ECD0056EDA6 /* Embed Watch Content */,
			);
			buildRules = (
			);
			dependencies = (
				6E6277AC20726ECD0056EDA6 /* PBXTargetDependency */,
			);
			name = Coco;
			productName = Coco;
			productReference = 6ED3CD15206FA15900C26F5E /* Coco.app */;
			productType = "com.apple.product-type.application";
		};
		6ED3CD28206FA15A00C26F5E /* CocoTests */ = {
			isa = PBXNativeTarget;
			buildConfigurationList = 6ED3CD40206FA15A00C26F5E /* Build configuration list for PBXNativeTarget "CocoTests" */;
			buildPhases = (
				700B7694CB9133DD666D32C4 /* [CP] Check Pods Manifest.lock */,
				6ED3CD25206FA15A00C26F5E /* Sources */,
				6ED3CD26206FA15A00C26F5E /* Frameworks */,
				6ED3CD27206FA15A00C26F5E /* Resources */,
				DFD399993E9E5C17C2E5AB66 /* [CP] Embed Pods Frameworks */,
				17F8330792B76074336FC6B4 /* [CP] Copy Pods Resources */,
			);
			buildRules = (
			);
			dependencies = (
				6ED3CD2B206FA15A00C26F5E /* PBXTargetDependency */,
			);
			name = CocoTests;
			productName = CocoTests;
			productReference = 6ED3CD29206FA15A00C26F5E /* CocoTests.xctest */;
			productType = "com.apple.product-type.bundle.unit-test";
		};
		6ED3CD33206FA15A00C26F5E /* CocoUITests */ = {
			isa = PBXNativeTarget;
			buildConfigurationList = 6ED3CD43206FA15A00C26F5E /* Build configuration list for PBXNativeTarget "CocoUITests" */;
			buildPhases = (
				563C90E905699AA2F3E7BE5A /* [CP] Check Pods Manifest.lock */,
				6ED3CD30206FA15A00C26F5E /* Sources */,
				6ED3CD31206FA15A00C26F5E /* Frameworks */,
				6ED3CD32206FA15A00C26F5E /* Resources */,
				7EF52432C6B429C1F7684D5A /* [CP] Embed Pods Frameworks */,
				6062D877146A2D6FC279D133 /* [CP] Copy Pods Resources */,
			);
			buildRules = (
			);
			dependencies = (
				6ED3CD36206FA15A00C26F5E /* PBXTargetDependency */,
			);
			name = CocoUITests;
			productName = CocoUITests;
			productReference = 6ED3CD34206FA15A00C26F5E /* CocoUITests.xctest */;
			productType = "com.apple.product-type.bundle.ui-testing";
		};
/* End PBXNativeTarget section */

/* Begin PBXProject section */
		6ED3CD0D206FA15900C26F5E /* Project object */ = {
			isa = PBXProject;
			attributes = {
				LastSwiftUpdateCheck = 0910;
				LastUpgradeCheck = 0910;
				ORGANIZATIONNAME = Over;
				TargetAttributes = {
					6E62778F20726ECC0056EDA6 = {
						CreatedOnToolsVersion = 9.1;
						ProvisioningStyle = Automatic;
					};
					6E62779B20726ECC0056EDA6 = {
						CreatedOnToolsVersion = 9.1;
						ProvisioningStyle = Automatic;
					};
					6ED3CD14206FA15900C26F5E = {
						CreatedOnToolsVersion = 9.1;
						ProvisioningStyle = Automatic;
						SystemCapabilities = {
							com.apple.Push = {
								enabled = 1;
							};
							com.apple.iCloud = {
								enabled = 1;
							};
						};
					};
					6ED3CD28206FA15A00C26F5E = {
						CreatedOnToolsVersion = 9.1;
						ProvisioningStyle = Automatic;
						TestTargetID = 6ED3CD14206FA15900C26F5E;
					};
					6ED3CD33206FA15A00C26F5E = {
						CreatedOnToolsVersion = 9.1;
						ProvisioningStyle = Automatic;
						TestTargetID = 6ED3CD14206FA15900C26F5E;
					};
				};
			};
			buildConfigurationList = 6ED3CD10206FA15900C26F5E /* Build configuration list for PBXProject "Coco" */;
			compatibilityVersion = "Xcode 8.0";
			developmentRegion = en;
			hasScannedForEncodings = 0;
			knownRegions = (
				en,
				Base,
			);
			mainGroup = 6ED3CD0C206FA15900C26F5E;
			productRefGroup = 6ED3CD16206FA15900C26F5E /* Products */;
			projectDirPath = "";
			projectRoot = "";
			targets = (
				6ED3CD14206FA15900C26F5E /* Coco */,
				6ED3CD28206FA15A00C26F5E /* CocoTests */,
				6ED3CD33206FA15A00C26F5E /* CocoUITests */,
				6E62778F20726ECC0056EDA6 /* CocoWatch */,
				6E62779B20726ECC0056EDA6 /* CocoWatch Extension */,
			);
		};
/* End PBXProject section */

/* Begin PBXResourcesBuildPhase section */
		6E62778E20726ECC0056EDA6 /* Resources */ = {
			isa = PBXResourcesBuildPhase;
			buildActionMask = 2147483647;
			files = (
				6E62779620726ECC0056EDA6 /* Assets.xcassets in Resources */,
				6E62779420726ECC0056EDA6 /* Interface.storyboard in Resources */,
			);
			runOnlyForDeploymentPostprocessing = 0;
		};
		6E62779A20726ECC0056EDA6 /* Resources */ = {
			isa = PBXResourcesBuildPhase;
			buildActionMask = 2147483647;
			files = (
				6E6277A820726ECD0056EDA6 /* Assets.xcassets in Resources */,
			);
			runOnlyForDeploymentPostprocessing = 0;
		};
		6ED3CD13206FA15900C26F5E /* Resources */ = {
			isa = PBXResourcesBuildPhase;
			buildActionMask = 2147483647;
			files = (
				6E469721207A37CB00AD05FC /* servishero_loading.json in Resources */,
				6EBEA2452078F63100221BD5 /* SF-Pro-Text-Light.otf in Resources */,
				6ED3CD23206FA15A00C26F5E /* LaunchScreen.storyboard in Resources */,
				6EBEA2402078F63100221BD5 /* SF-Pro-Text-Heavy.otf in Resources */,
				6EBEA2442078F63100221BD5 /* SF-Pro-Text-Semibold.otf in Resources */,
				6EBEA2422078F63100221BD5 /* SF-Pro-Text-Bold.otf in Resources */,
				6EAEF4D3206FA37100334A82 /* GoogleService-Info.plist in Resources */,
				6EBEA2312078EC1A00221BD5 /* Color.xcassets in Resources */,
				6ED3CD20206FA15900C26F5E /* Assets.xcassets in Resources */,
				6E46971D207A2E3500AD05FC /* waves_.json in Resources */,
				6ED3CD1E206FA15900C26F5E /* Main.storyboard in Resources */,
				6EBEA2412078F63100221BD5 /* SF-Pro-Text-Regular.otf in Resources */,
				6EBEA2432078F63100221BD5 /* SF-Pro-Text-Medium.otf in Resources */,
			);
			runOnlyForDeploymentPostprocessing = 0;
		};
		6ED3CD27206FA15A00C26F5E /* Resources */ = {
			isa = PBXResourcesBuildPhase;
			buildActionMask = 2147483647;
			files = (
			);
			runOnlyForDeploymentPostprocessing = 0;
		};
		6ED3CD32206FA15A00C26F5E /* Resources */ = {
			isa = PBXResourcesBuildPhase;
			buildActionMask = 2147483647;
			files = (
			);
			runOnlyForDeploymentPostprocessing = 0;
		};
/* End PBXResourcesBuildPhase section */

/* Begin PBXShellScriptBuildPhase section */
		17F8330792B76074336FC6B4 /* [CP] Copy Pods Resources */ = {
			isa = PBXShellScriptBuildPhase;
			buildActionMask = 2147483647;
			files = (
			);
			inputPaths = (
			);
			name = "[CP] Copy Pods Resources";
			outputPaths = (
			);
			runOnlyForDeploymentPostprocessing = 0;
			shellPath = /bin/sh;
			shellScript = "\"${SRCROOT}/Pods/Target Support Files/Pods-CocoTests/Pods-CocoTests-resources.sh\"\n";
			showEnvVarsInLog = 0;
		};
		563C90E905699AA2F3E7BE5A /* [CP] Check Pods Manifest.lock */ = {
			isa = PBXShellScriptBuildPhase;
			buildActionMask = 2147483647;
			files = (
			);
			inputPaths = (
				"${PODS_PODFILE_DIR_PATH}/Podfile.lock",
				"${PODS_ROOT}/Manifest.lock",
			);
			name = "[CP] Check Pods Manifest.lock";
			outputPaths = (
				"$(DERIVED_FILE_DIR)/Pods-CocoUITests-checkManifestLockResult.txt",
			);
			runOnlyForDeploymentPostprocessing = 0;
			shellPath = /bin/sh;
			shellScript = "diff \"${PODS_PODFILE_DIR_PATH}/Podfile.lock\" \"${PODS_ROOT}/Manifest.lock\" > /dev/null\nif [ $? != 0 ] ; then\n    # print error to STDERR\n    echo \"error: The sandbox is not in sync with the Podfile.lock. Run 'pod install' or update your CocoaPods installation.\" >&2\n    exit 1\nfi\n# This output is used by Xcode 'outputs' to avoid re-running this script phase.\necho \"SUCCESS\" > \"${SCRIPT_OUTPUT_FILE_0}\"\n";
			showEnvVarsInLog = 0;
		};
		6062D877146A2D6FC279D133 /* [CP] Copy Pods Resources */ = {
			isa = PBXShellScriptBuildPhase;
			buildActionMask = 2147483647;
			files = (
			);
			inputPaths = (
			);
			name = "[CP] Copy Pods Resources";
			outputPaths = (
			);
			runOnlyForDeploymentPostprocessing = 0;
			shellPath = /bin/sh;
			shellScript = "\"${SRCROOT}/Pods/Target Support Files/Pods-CocoUITests/Pods-CocoUITests-resources.sh\"\n";
			showEnvVarsInLog = 0;
		};
		700B7694CB9133DD666D32C4 /* [CP] Check Pods Manifest.lock */ = {
			isa = PBXShellScriptBuildPhase;
			buildActionMask = 2147483647;
			files = (
			);
			inputPaths = (
				"${PODS_PODFILE_DIR_PATH}/Podfile.lock",
				"${PODS_ROOT}/Manifest.lock",
			);
			name = "[CP] Check Pods Manifest.lock";
			outputPaths = (
				"$(DERIVED_FILE_DIR)/Pods-CocoTests-checkManifestLockResult.txt",
			);
			runOnlyForDeploymentPostprocessing = 0;
			shellPath = /bin/sh;
			shellScript = "diff \"${PODS_PODFILE_DIR_PATH}/Podfile.lock\" \"${PODS_ROOT}/Manifest.lock\" > /dev/null\nif [ $? != 0 ] ; then\n    # print error to STDERR\n    echo \"error: The sandbox is not in sync with the Podfile.lock. Run 'pod install' or update your CocoaPods installation.\" >&2\n    exit 1\nfi\n# This output is used by Xcode 'outputs' to avoid re-running this script phase.\necho \"SUCCESS\" > \"${SCRIPT_OUTPUT_FILE_0}\"\n";
			showEnvVarsInLog = 0;
		};
		7EF52432C6B429C1F7684D5A /* [CP] Embed Pods Frameworks */ = {
			isa = PBXShellScriptBuildPhase;
			buildActionMask = 2147483647;
			files = (
			);
			inputPaths = (
			);
			name = "[CP] Embed Pods Frameworks";
			outputPaths = (
			);
			runOnlyForDeploymentPostprocessing = 0;
			shellPath = /bin/sh;
			shellScript = "\"${SRCROOT}/Pods/Target Support Files/Pods-CocoUITests/Pods-CocoUITests-frameworks.sh\"\n";
			showEnvVarsInLog = 0;
		};
		ACABF456045637AA50AE2080 /* [CP] Embed Pods Frameworks */ = {
			isa = PBXShellScriptBuildPhase;
			buildActionMask = 2147483647;
			files = (
			);
			inputPaths = (
				"${SRCROOT}/Pods/Target Support Files/Pods-Coco/Pods-Coco-frameworks.sh",
				"${BUILT_PRODUCTS_DIR}/CodableFirebase/CodableFirebase.framework",
				"${BUILT_PRODUCTS_DIR}/GTMSessionFetcher/GTMSessionFetcher.framework",
				"${BUILT_PRODUCTS_DIR}/GoogleToolboxForMac/GoogleToolboxForMac.framework",
				"${BUILT_PRODUCTS_DIR}/leveldb-library/leveldb.framework",
				"${BUILT_PRODUCTS_DIR}/lottie-ios/Lottie.framework",
				"${BUILT_PRODUCTS_DIR}/nanopb/nanopb.framework",
			);
			name = "[CP] Embed Pods Frameworks";
			outputPaths = (
				"${TARGET_BUILD_DIR}/${FRAMEWORKS_FOLDER_PATH}/CodableFirebase.framework",
				"${TARGET_BUILD_DIR}/${FRAMEWORKS_FOLDER_PATH}/GTMSessionFetcher.framework",
				"${TARGET_BUILD_DIR}/${FRAMEWORKS_FOLDER_PATH}/GoogleToolboxForMac.framework",
				"${TARGET_BUILD_DIR}/${FRAMEWORKS_FOLDER_PATH}/leveldb.framework",
				"${TARGET_BUILD_DIR}/${FRAMEWORKS_FOLDER_PATH}/Lottie.framework",
				"${TARGET_BUILD_DIR}/${FRAMEWORKS_FOLDER_PATH}/nanopb.framework",
			);
			runOnlyForDeploymentPostprocessing = 0;
			shellPath = /bin/sh;
			shellScript = "\"${SRCROOT}/Pods/Target Support Files/Pods-Coco/Pods-Coco-frameworks.sh\"\n";
			showEnvVarsInLog = 0;
		};
		BFC717B78CBC9FF4A19E3769 /* [CP] Copy Pods Resources */ = {
			isa = PBXShellScriptBuildPhase;
			buildActionMask = 2147483647;
			files = (
			);
			inputPaths = (
			);
			name = "[CP] Copy Pods Resources";
			outputPaths = (
			);
			runOnlyForDeploymentPostprocessing = 0;
			shellPath = /bin/sh;
			shellScript = "\"${SRCROOT}/Pods/Target Support Files/Pods-Coco/Pods-Coco-resources.sh\"\n";
			showEnvVarsInLog = 0;
		};
		DFD399993E9E5C17C2E5AB66 /* [CP] Embed Pods Frameworks */ = {
			isa = PBXShellScriptBuildPhase;
			buildActionMask = 2147483647;
			files = (
			);
			inputPaths = (
			);
			name = "[CP] Embed Pods Frameworks";
			outputPaths = (
			);
			runOnlyForDeploymentPostprocessing = 0;
			shellPath = /bin/sh;
			shellScript = "\"${SRCROOT}/Pods/Target Support Files/Pods-CocoTests/Pods-CocoTests-frameworks.sh\"\n";
			showEnvVarsInLog = 0;
		};
		F66DE09C3FB6876A50E131EA /* [CP] Check Pods Manifest.lock */ = {
			isa = PBXShellScriptBuildPhase;
			buildActionMask = 2147483647;
			files = (
			);
			inputPaths = (
				"${PODS_PODFILE_DIR_PATH}/Podfile.lock",
				"${PODS_ROOT}/Manifest.lock",
			);
			name = "[CP] Check Pods Manifest.lock";
			outputPaths = (
				"$(DERIVED_FILE_DIR)/Pods-Coco-checkManifestLockResult.txt",
			);
			runOnlyForDeploymentPostprocessing = 0;
			shellPath = /bin/sh;
			shellScript = "diff \"${PODS_PODFILE_DIR_PATH}/Podfile.lock\" \"${PODS_ROOT}/Manifest.lock\" > /dev/null\nif [ $? != 0 ] ; then\n    # print error to STDERR\n    echo \"error: The sandbox is not in sync with the Podfile.lock. Run 'pod install' or update your CocoaPods installation.\" >&2\n    exit 1\nfi\n# This output is used by Xcode 'outputs' to avoid re-running this script phase.\necho \"SUCCESS\" > \"${SCRIPT_OUTPUT_FILE_0}\"\n";
			showEnvVarsInLog = 0;
		};
/* End PBXShellScriptBuildPhase section */

/* Begin PBXSourcesBuildPhase section */
		6E62779820726ECC0056EDA6 /* Sources */ = {
			isa = PBXSourcesBuildPhase;
			buildActionMask = 2147483647;
			files = (
				6E6277A620726ECC0056EDA6 /* NotificationController.swift in Sources */,
				6E6277A420726ECC0056EDA6 /* ExtensionDelegate.swift in Sources */,
				6E6277B72072707A0056EDA6 /* RowController.swift in Sources */,
				6E6277A220726ECC0056EDA6 /* InterfaceController.swift in Sources */,
			);
			runOnlyForDeploymentPostprocessing = 0;
		};
		6ED3CD11206FA15900C26F5E /* Sources */ = {
			isa = PBXSourcesBuildPhase;
			buildActionMask = 2147483647;
			files = (
				6E6DB6F6206FB6F6005C2CEB /* StatusDatabase.swift in Sources */,
				6EC63D722072C29C004CF135 /* InitialViewController.swift in Sources */,
				6E6DB6F4206FB417005C2CEB /* StatusTableViewController.swift in Sources */,
				6E4697192079411F00AD05FC /* ActivitySelectionTableViewController.swift in Sources */,
				6E62771A20725D480056EDA6 /* OriginalOverviewViewController.swift in Sources */,
				6E718F7D207356FF00BB935D /* LoginViewController.swift in Sources */,
				6E46971B207A2C5A00AD05FC /* UIView+Extensions.swift in Sources */,
				6E4D4BBB2072B82D000922C3 /* RegisterViewController.swift in Sources */,
				6E775C292078FFC0001799F8 /* OverviewCell.swift in Sources */,
				6ED3CD1B206FA15900C26F5E /* ViewController.swift in Sources */,
				6EBEA2382078F0BC00221BD5 /* UIColor+Extensions.swift in Sources */,
				6EBEA2362078F09600221BD5 /* UINavigationBar+Extensions.swift in Sources */,
				6EBEA2332078F05A00221BD5 /* UIImage+Extensions.swift in Sources */,
				6EF32A4D2083ADF000F3947F /* CocoBase.swift in Sources */,
				6EBEA2532078F71600221BD5 /* UIFont+Extensions.swift in Sources */,
				6E42D4372078D110003CF303 /* OverviewViewController.swift in Sources */,
				6ED3CD19206FA15900C26F5E /* AppDelegate.swift in Sources */,
			);
			runOnlyForDeploymentPostprocessing = 0;
		};
		6ED3CD25206FA15A00C26F5E /* Sources */ = {
			isa = PBXSourcesBuildPhase;
			buildActionMask = 2147483647;
			files = (
				6ED3CD2E206FA15A00C26F5E /* CocoTests.swift in Sources */,
			);
			runOnlyForDeploymentPostprocessing = 0;
		};
		6ED3CD30206FA15A00C26F5E /* Sources */ = {
			isa = PBXSourcesBuildPhase;
			buildActionMask = 2147483647;
			files = (
				6ED3CD39206FA15A00C26F5E /* CocoUITests.swift in Sources */,
			);
			runOnlyForDeploymentPostprocessing = 0;
		};
/* End PBXSourcesBuildPhase section */

/* Begin PBXTargetDependency section */
		6E62779F20726ECC0056EDA6 /* PBXTargetDependency */ = {
			isa = PBXTargetDependency;
			target = 6E62779B20726ECC0056EDA6 /* CocoWatch Extension */;
			targetProxy = 6E62779E20726ECC0056EDA6 /* PBXContainerItemProxy */;
		};
		6E6277AC20726ECD0056EDA6 /* PBXTargetDependency */ = {
			isa = PBXTargetDependency;
			target = 6E62778F20726ECC0056EDA6 /* CocoWatch */;
			targetProxy = 6E6277AB20726ECD0056EDA6 /* PBXContainerItemProxy */;
		};
		6ED3CD2B206FA15A00C26F5E /* PBXTargetDependency */ = {
			isa = PBXTargetDependency;
			target = 6ED3CD14206FA15900C26F5E /* Coco */;
			targetProxy = 6ED3CD2A206FA15A00C26F5E /* PBXContainerItemProxy */;
		};
		6ED3CD36206FA15A00C26F5E /* PBXTargetDependency */ = {
			isa = PBXTargetDependency;
			target = 6ED3CD14206FA15900C26F5E /* Coco */;
			targetProxy = 6ED3CD35206FA15A00C26F5E /* PBXContainerItemProxy */;
		};
/* End PBXTargetDependency section */

/* Begin PBXVariantGroup section */
		6E62779220726ECC0056EDA6 /* Interface.storyboard */ = {
			isa = PBXVariantGroup;
			children = (
				6E62779320726ECC0056EDA6 /* Base */,
			);
			name = Interface.storyboard;
			sourceTree = "<group>";
		};
		6ED3CD1C206FA15900C26F5E /* Main.storyboard */ = {
			isa = PBXVariantGroup;
			children = (
				6ED3CD1D206FA15900C26F5E /* Base */,
			);
			name = Main.storyboard;
			sourceTree = "<group>";
		};
		6ED3CD21206FA15A00C26F5E /* LaunchScreen.storyboard */ = {
			isa = PBXVariantGroup;
			children = (
				6ED3CD22206FA15A00C26F5E /* Base */,
			);
			name = LaunchScreen.storyboard;
			sourceTree = "<group>";
		};
/* End PBXVariantGroup section */

/* Begin XCBuildConfiguration section */
		6E6277AE20726ECD0056EDA6 /* Debug */ = {
			isa = XCBuildConfiguration;
			buildSettings = {
				ALWAYS_EMBED_SWIFT_STANDARD_LIBRARIES = YES;
				ASSETCATALOG_COMPILER_APPICON_NAME = AppIcon;
				CODE_SIGN_IDENTITY = "iPhone Developer";
				CODE_SIGN_STYLE = Automatic;
				DEVELOPMENT_TEAM = 7UMADG39Z9;
				IBSC_MODULE = CocoWatch_Extension;
				INFOPLIST_FILE = CocoWatch/Info.plist;
				PRODUCT_BUNDLE_IDENTIFIER = com.ios.coco.watchkitapp;
				PRODUCT_NAME = "$(TARGET_NAME)";
				SDKROOT = watchos;
				SKIP_INSTALL = NO;
				SWIFT_VERSION = 4.0;
				TARGETED_DEVICE_FAMILY = 4;
				WATCHOS_DEPLOYMENT_TARGET = 4.1;
			};
			name = Debug;
		};
		6E6277AF20726ECD0056EDA6 /* Release */ = {
			isa = XCBuildConfiguration;
			buildSettings = {
				ALWAYS_EMBED_SWIFT_STANDARD_LIBRARIES = YES;
				ASSETCATALOG_COMPILER_APPICON_NAME = AppIcon;
				CODE_SIGN_IDENTITY = "iPhone Developer";
				CODE_SIGN_STYLE = Automatic;
				DEVELOPMENT_TEAM = 7UMADG39Z9;
				IBSC_MODULE = CocoWatch_Extension;
				INFOPLIST_FILE = CocoWatch/Info.plist;
				PRODUCT_BUNDLE_IDENTIFIER = com.ios.coco.watchkitapp;
				PRODUCT_NAME = "$(TARGET_NAME)";
				SDKROOT = watchos;
				SKIP_INSTALL = NO;
				SWIFT_VERSION = 4.0;
				TARGETED_DEVICE_FAMILY = 4;
				WATCHOS_DEPLOYMENT_TARGET = 4.1;
			};
			name = Release;
		};
		6E6277B020726ECD0056EDA6 /* Debug */ = {
			isa = XCBuildConfiguration;
			buildSettings = {
				ASSETCATALOG_COMPILER_COMPLICATION_NAME = Complication;
				CODE_SIGN_STYLE = Automatic;
				DEVELOPMENT_TEAM = 7UMADG39Z9;
				INFOPLIST_FILE = "CocoWatch Extension/Info.plist";
				LD_RUNPATH_SEARCH_PATHS = "$(inherited) @executable_path/Frameworks @executable_path/../../Frameworks";
				PRODUCT_BUNDLE_IDENTIFIER = com.ios.coco.watchkitapp.watchkitextension;
				PRODUCT_NAME = "${TARGET_NAME}";
				SDKROOT = watchos;
				SKIP_INSTALL = YES;
				SWIFT_VERSION = 4.0;
				TARGETED_DEVICE_FAMILY = 4;
				WATCHOS_DEPLOYMENT_TARGET = 4.1;
			};
			name = Debug;
		};
		6E6277B120726ECD0056EDA6 /* Release */ = {
			isa = XCBuildConfiguration;
			buildSettings = {
				ASSETCATALOG_COMPILER_COMPLICATION_NAME = Complication;
				CODE_SIGN_STYLE = Automatic;
				DEVELOPMENT_TEAM = 7UMADG39Z9;
				INFOPLIST_FILE = "CocoWatch Extension/Info.plist";
				LD_RUNPATH_SEARCH_PATHS = "$(inherited) @executable_path/Frameworks @executable_path/../../Frameworks";
				PRODUCT_BUNDLE_IDENTIFIER = com.ios.coco.watchkitapp.watchkitextension;
				PRODUCT_NAME = "${TARGET_NAME}";
				SDKROOT = watchos;
				SKIP_INSTALL = YES;
				SWIFT_VERSION = 4.0;
				TARGETED_DEVICE_FAMILY = 4;
				WATCHOS_DEPLOYMENT_TARGET = 4.1;
			};
			name = Release;
		};
		6ED3CD3B206FA15A00C26F5E /* Debug */ = {
			isa = XCBuildConfiguration;
			buildSettings = {
				ALWAYS_SEARCH_USER_PATHS = NO;
				CLANG_ANALYZER_NONNULL = YES;
				CLANG_ANALYZER_NUMBER_OBJECT_CONVERSION = YES_AGGRESSIVE;
				CLANG_CXX_LANGUAGE_STANDARD = "gnu++14";
				CLANG_CXX_LIBRARY = "libc++";
				CLANG_ENABLE_MODULES = YES;
				CLANG_ENABLE_OBJC_ARC = YES;
				CLANG_WARN_BLOCK_CAPTURE_AUTORELEASING = YES;
				CLANG_WARN_BOOL_CONVERSION = YES;
				CLANG_WARN_COMMA = YES;
				CLANG_WARN_CONSTANT_CONVERSION = YES;
				CLANG_WARN_DIRECT_OBJC_ISA_USAGE = YES_ERROR;
				CLANG_WARN_DOCUMENTATION_COMMENTS = YES;
				CLANG_WARN_EMPTY_BODY = YES;
				CLANG_WARN_ENUM_CONVERSION = YES;
				CLANG_WARN_INFINITE_RECURSION = YES;
				CLANG_WARN_INT_CONVERSION = YES;
				CLANG_WARN_NON_LITERAL_NULL_CONVERSION = YES;
				CLANG_WARN_OBJC_LITERAL_CONVERSION = YES;
				CLANG_WARN_OBJC_ROOT_CLASS = YES_ERROR;
				CLANG_WARN_RANGE_LOOP_ANALYSIS = YES;
				CLANG_WARN_STRICT_PROTOTYPES = YES;
				CLANG_WARN_SUSPICIOUS_MOVE = YES;
				CLANG_WARN_UNGUARDED_AVAILABILITY = YES_AGGRESSIVE;
				CLANG_WARN_UNREACHABLE_CODE = YES;
				CLANG_WARN__DUPLICATE_METHOD_MATCH = YES;
				CODE_SIGN_IDENTITY = "iPhone Developer";
				COPY_PHASE_STRIP = NO;
				DEBUG_INFORMATION_FORMAT = dwarf;
				ENABLE_STRICT_OBJC_MSGSEND = YES;
				ENABLE_TESTABILITY = YES;
				GCC_C_LANGUAGE_STANDARD = gnu11;
				GCC_DYNAMIC_NO_PIC = NO;
				GCC_NO_COMMON_BLOCKS = YES;
				GCC_OPTIMIZATION_LEVEL = 0;
				GCC_PREPROCESSOR_DEFINITIONS = (
					"DEBUG=1",
					"$(inherited)",
				);
				GCC_WARN_64_TO_32_BIT_CONVERSION = YES;
				GCC_WARN_ABOUT_RETURN_TYPE = YES_ERROR;
				GCC_WARN_UNDECLARED_SELECTOR = YES;
				GCC_WARN_UNINITIALIZED_AUTOS = YES_AGGRESSIVE;
				GCC_WARN_UNUSED_FUNCTION = YES;
				GCC_WARN_UNUSED_VARIABLE = YES;
				IPHONEOS_DEPLOYMENT_TARGET = 11.1;
				MTL_ENABLE_DEBUG_INFO = YES;
				ONLY_ACTIVE_ARCH = YES;
				SDKROOT = iphoneos;
				SWIFT_ACTIVE_COMPILATION_CONDITIONS = DEBUG;
				SWIFT_OPTIMIZATION_LEVEL = "-Onone";
			};
			name = Debug;
		};
		6ED3CD3C206FA15A00C26F5E /* Release */ = {
			isa = XCBuildConfiguration;
			buildSettings = {
				ALWAYS_SEARCH_USER_PATHS = NO;
				CLANG_ANALYZER_NONNULL = YES;
				CLANG_ANALYZER_NUMBER_OBJECT_CONVERSION = YES_AGGRESSIVE;
				CLANG_CXX_LANGUAGE_STANDARD = "gnu++14";
				CLANG_CXX_LIBRARY = "libc++";
				CLANG_ENABLE_MODULES = YES;
				CLANG_ENABLE_OBJC_ARC = YES;
				CLANG_WARN_BLOCK_CAPTURE_AUTORELEASING = YES;
				CLANG_WARN_BOOL_CONVERSION = YES;
				CLANG_WARN_COMMA = YES;
				CLANG_WARN_CONSTANT_CONVERSION = YES;
				CLANG_WARN_DIRECT_OBJC_ISA_USAGE = YES_ERROR;
				CLANG_WARN_DOCUMENTATION_COMMENTS = YES;
				CLANG_WARN_EMPTY_BODY = YES;
				CLANG_WARN_ENUM_CONVERSION = YES;
				CLANG_WARN_INFINITE_RECURSION = YES;
				CLANG_WARN_INT_CONVERSION = YES;
				CLANG_WARN_NON_LITERAL_NULL_CONVERSION = YES;
				CLANG_WARN_OBJC_LITERAL_CONVERSION = YES;
				CLANG_WARN_OBJC_ROOT_CLASS = YES_ERROR;
				CLANG_WARN_RANGE_LOOP_ANALYSIS = YES;
				CLANG_WARN_STRICT_PROTOTYPES = YES;
				CLANG_WARN_SUSPICIOUS_MOVE = YES;
				CLANG_WARN_UNGUARDED_AVAILABILITY = YES_AGGRESSIVE;
				CLANG_WARN_UNREACHABLE_CODE = YES;
				CLANG_WARN__DUPLICATE_METHOD_MATCH = YES;
				CODE_SIGN_IDENTITY = "iPhone Developer";
				COPY_PHASE_STRIP = NO;
				DEBUG_INFORMATION_FORMAT = "dwarf-with-dsym";
				ENABLE_NS_ASSERTIONS = NO;
				ENABLE_STRICT_OBJC_MSGSEND = YES;
				GCC_C_LANGUAGE_STANDARD = gnu11;
				GCC_NO_COMMON_BLOCKS = YES;
				GCC_WARN_64_TO_32_BIT_CONVERSION = YES;
				GCC_WARN_ABOUT_RETURN_TYPE = YES_ERROR;
				GCC_WARN_UNDECLARED_SELECTOR = YES;
				GCC_WARN_UNINITIALIZED_AUTOS = YES_AGGRESSIVE;
				GCC_WARN_UNUSED_FUNCTION = YES;
				GCC_WARN_UNUSED_VARIABLE = YES;
				IPHONEOS_DEPLOYMENT_TARGET = 11.1;
				MTL_ENABLE_DEBUG_INFO = NO;
				SDKROOT = iphoneos;
				SWIFT_OPTIMIZATION_LEVEL = "-Owholemodule";
				VALIDATE_PRODUCT = YES;
			};
			name = Release;
		};
		6ED3CD3E206FA15A00C26F5E /* Debug */ = {
			isa = XCBuildConfiguration;
			baseConfigurationReference = C33E6898812E511FEDF84B27 /* Pods-Coco.debug.xcconfig */;
			buildSettings = {
				ASSETCATALOG_COMPILER_APPICON_NAME = AppIcon;
				CODE_SIGN_ENTITLEMENTS = Coco/Coco.entitlements;
				CODE_SIGN_IDENTITY = "iPhone Developer";
				CODE_SIGN_STYLE = Automatic;
				DEVELOPMENT_TEAM = 7VT5H6VPXH;
				INFOPLIST_FILE = Coco/Info.plist;
				LD_RUNPATH_SEARCH_PATHS = "$(inherited) @executable_path/Frameworks";
				PRODUCT_BUNDLE_IDENTIFIER = com.ios.coco;
				PRODUCT_NAME = "$(TARGET_NAME)";
				PROVISIONING_PROFILE_SPECIFIER = "";
				SWIFT_VERSION = 4.0;
				TARGETED_DEVICE_FAMILY = "1,2";
			};
			name = Debug;
		};
		6ED3CD3F206FA15A00C26F5E /* Release */ = {
			isa = XCBuildConfiguration;
			baseConfigurationReference = 5A75DD1DDD9F89C4F642B4DE /* Pods-Coco.release.xcconfig */;
			buildSettings = {
				ASSETCATALOG_COMPILER_APPICON_NAME = AppIcon;
				CODE_SIGN_ENTITLEMENTS = Coco/Coco.entitlements;
				CODE_SIGN_IDENTITY = "iPhone Developer";
				CODE_SIGN_STYLE = Automatic;
				DEVELOPMENT_TEAM = 7VT5H6VPXH;
				INFOPLIST_FILE = Coco/Info.plist;
				LD_RUNPATH_SEARCH_PATHS = "$(inherited) @executable_path/Frameworks";
				PRODUCT_BUNDLE_IDENTIFIER = com.ios.coco;
				PRODUCT_NAME = "$(TARGET_NAME)";
				PROVISIONING_PROFILE_SPECIFIER = "";
				SWIFT_VERSION = 4.0;
				TARGETED_DEVICE_FAMILY = "1,2";
			};
			name = Release;
		};
		6ED3CD41206FA15A00C26F5E /* Debug */ = {
			isa = XCBuildConfiguration;
			baseConfigurationReference = 1B889A8AD6489EF36A5B4CDB /* Pods-CocoTests.debug.xcconfig */;
			buildSettings = {
				ALWAYS_EMBED_SWIFT_STANDARD_LIBRARIES = YES;
				BUNDLE_LOADER = "$(TEST_HOST)";
				CODE_SIGN_STYLE = Automatic;
				DEVELOPMENT_TEAM = 7UMADG39Z9;
				INFOPLIST_FILE = CocoTests/Info.plist;
				LD_RUNPATH_SEARCH_PATHS = "$(inherited) @executable_path/Frameworks @loader_path/Frameworks";
				PRODUCT_BUNDLE_IDENTIFIER = com.overhq.over.CocoTests;
				PRODUCT_NAME = "$(TARGET_NAME)";
				SWIFT_VERSION = 4.0;
				TARGETED_DEVICE_FAMILY = "1,2";
				TEST_HOST = "$(BUILT_PRODUCTS_DIR)/Coco.app/Coco";
			};
			name = Debug;
		};
		6ED3CD42206FA15A00C26F5E /* Release */ = {
			isa = XCBuildConfiguration;
			baseConfigurationReference = E6306DC4789C04FCE7ED9EBF /* Pods-CocoTests.release.xcconfig */;
			buildSettings = {
				ALWAYS_EMBED_SWIFT_STANDARD_LIBRARIES = YES;
				BUNDLE_LOADER = "$(TEST_HOST)";
				CODE_SIGN_STYLE = Automatic;
				DEVELOPMENT_TEAM = 7UMADG39Z9;
				INFOPLIST_FILE = CocoTests/Info.plist;
				LD_RUNPATH_SEARCH_PATHS = "$(inherited) @executable_path/Frameworks @loader_path/Frameworks";
				PRODUCT_BUNDLE_IDENTIFIER = com.overhq.over.CocoTests;
				PRODUCT_NAME = "$(TARGET_NAME)";
				SWIFT_VERSION = 4.0;
				TARGETED_DEVICE_FAMILY = "1,2";
				TEST_HOST = "$(BUILT_PRODUCTS_DIR)/Coco.app/Coco";
			};
			name = Release;
		};
		6ED3CD44206FA15A00C26F5E /* Debug */ = {
			isa = XCBuildConfiguration;
			baseConfigurationReference = 5971E38C7BCEED6D7EE8BF00 /* Pods-CocoUITests.debug.xcconfig */;
			buildSettings = {
				ALWAYS_EMBED_SWIFT_STANDARD_LIBRARIES = YES;
				CODE_SIGN_STYLE = Automatic;
				DEVELOPMENT_TEAM = 7UMADG39Z9;
				INFOPLIST_FILE = CocoUITests/Info.plist;
				LD_RUNPATH_SEARCH_PATHS = "$(inherited) @executable_path/Frameworks @loader_path/Frameworks";
				PRODUCT_BUNDLE_IDENTIFIER = com.overhq.over.CocoUITests;
				PRODUCT_NAME = "$(TARGET_NAME)";
				SWIFT_VERSION = 4.0;
				TARGETED_DEVICE_FAMILY = "1,2";
				TEST_TARGET_NAME = Coco;
			};
			name = Debug;
		};
		6ED3CD45206FA15A00C26F5E /* Release */ = {
			isa = XCBuildConfiguration;
			baseConfigurationReference = 0D1967C5EC82BC3D4AE9105F /* Pods-CocoUITests.release.xcconfig */;
			buildSettings = {
				ALWAYS_EMBED_SWIFT_STANDARD_LIBRARIES = YES;
				CODE_SIGN_STYLE = Automatic;
				DEVELOPMENT_TEAM = 7UMADG39Z9;
				INFOPLIST_FILE = CocoUITests/Info.plist;
				LD_RUNPATH_SEARCH_PATHS = "$(inherited) @executable_path/Frameworks @loader_path/Frameworks";
				PRODUCT_BUNDLE_IDENTIFIER = com.overhq.over.CocoUITests;
				PRODUCT_NAME = "$(TARGET_NAME)";
				SWIFT_VERSION = 4.0;
				TARGETED_DEVICE_FAMILY = "1,2";
				TEST_TARGET_NAME = Coco;
			};
			name = Release;
		};
/* End XCBuildConfiguration section */

/* Begin XCConfigurationList section */
		6E6277B220726ECD0056EDA6 /* Build configuration list for PBXNativeTarget "CocoWatch Extension" */ = {
			isa = XCConfigurationList;
			buildConfigurations = (
				6E6277B020726ECD0056EDA6 /* Debug */,
				6E6277B120726ECD0056EDA6 /* Release */,
			);
			defaultConfigurationIsVisible = 0;
			defaultConfigurationName = Release;
		};
		6E6277B420726ECD0056EDA6 /* Build configuration list for PBXNativeTarget "CocoWatch" */ = {
			isa = XCConfigurationList;
			buildConfigurations = (
				6E6277AE20726ECD0056EDA6 /* Debug */,
				6E6277AF20726ECD0056EDA6 /* Release */,
			);
			defaultConfigurationIsVisible = 0;
			defaultConfigurationName = Release;
		};
		6ED3CD10206FA15900C26F5E /* Build configuration list for PBXProject "Coco" */ = {
			isa = XCConfigurationList;
			buildConfigurations = (
				6ED3CD3B206FA15A00C26F5E /* Debug */,
				6ED3CD3C206FA15A00C26F5E /* Release */,
			);
			defaultConfigurationIsVisible = 0;
			defaultConfigurationName = Release;
		};
		6ED3CD3D206FA15A00C26F5E /* Build configuration list for PBXNativeTarget "Coco" */ = {
			isa = XCConfigurationList;
			buildConfigurations = (
				6ED3CD3E206FA15A00C26F5E /* Debug */,
				6ED3CD3F206FA15A00C26F5E /* Release */,
			);
			defaultConfigurationIsVisible = 0;
			defaultConfigurationName = Release;
		};
		6ED3CD40206FA15A00C26F5E /* Build configuration list for PBXNativeTarget "CocoTests" */ = {
			isa = XCConfigurationList;
			buildConfigurations = (
				6ED3CD41206FA15A00C26F5E /* Debug */,
				6ED3CD42206FA15A00C26F5E /* Release */,
			);
			defaultConfigurationIsVisible = 0;
			defaultConfigurationName = Release;
		};
		6ED3CD43206FA15A00C26F5E /* Build configuration list for PBXNativeTarget "CocoUITests" */ = {
			isa = XCConfigurationList;
			buildConfigurations = (
				6ED3CD44206FA15A00C26F5E /* Debug */,
				6ED3CD45206FA15A00C26F5E /* Release */,
			);
			defaultConfigurationIsVisible = 0;
			defaultConfigurationName = Release;
		};
/* End XCConfigurationList section */
	};
	rootObject = 6ED3CD0D206FA15900C26F5E /* Project object */;
}
